
Microsoft Visual Studio Solution File, Format Version 12.00
# Visual Studio Version 17
VisualStudioVersion = 17.0.32014.148
MinimumVisualStudioVersion = 10.0.40219.1
Project("{9A19103F-16F7-4668-BE54-9A1E7A4F7556}") = "GigaWorkshop.DataAccess", "GigaWorkshop.DataAccess\GigaWorkshop.DataAccess.csproj", "{EF74A030-C7AD-4EB9-8FFF-C6EBBEFC6028}"
EndProject
Project("{FAE04EC0-301F-11D3-BF4B-00C04F79EFBC}") = "GigaWorkshop.Shared", "GIgaWorkshop.Shared\GigaWorkshop.Shared.csproj", "{943FA2DE-2ECD-48BD-882F-26945244382E}"
EndProject
Global
	GlobalSection(SolutionConfigurationPlatforms) = preSolution
		Debug|Any CPU = Debug|Any CPU
		Release|Any CPU = Release|Any CPU
	EndGlobalSection
	GlobalSection(ProjectConfigurationPlatforms) = postSolution
		{EF74A030-C7AD-4EB9-8FFF-C6EBBEFC6028}.Debug|Any CPU.ActiveCfg = Debug|Any CPU
		{EF74A030-C7AD-4EB9-8FFF-C6EBBEFC6028}.Debug|Any CPU.Build.0 = Debug|Any CPU
		{EF74A030-C7AD-4EB9-8FFF-C6EBBEFC6028}.Release|Any CPU.ActiveCfg = Release|Any CPU
		{EF74A030-C7AD-4EB9-8FFF-C6EBBEFC6028}.Release|Any CPU.Build.0 = Release|Any CPU
		{943FA2DE-2ECD-48BD-882F-26945244382E}.Debug|Any CPU.ActiveCfg = Debug|Any CPU
		{943FA2DE-2ECD-48BD-882F-26945244382E}.Debug|Any CPU.Build.0 = Debug|Any CPU
		{943FA2DE-2ECD-48BD-882F-26945244382E}.Release|Any CPU.ActiveCfg = Release|Any CPU
		{943FA2DE-2ECD-48BD-882F-26945244382E}.Release|Any CPU.Build.0 = Release|Any CPU
	EndGlobalSection
	GlobalSection(SolutionProperties) = preSolution
		HideSolutionNode = FALSE
	EndGlobalSection
	GlobalSection(ExtensibilityGlobals) = postSolution
		SolutionGuid = {C2CE5812-3FE7-4DE5-812D-EBBA01526B3A}
	EndGlobalSection
EndGlobal
